
Microsoft Visual Studio Solution File, Format Version 12.00
# Visual Studio 15
VisualStudioVersion = 15.0.28307.572
MinimumVisualStudioVersion = 10.0.40219.1
Project("{FAE04EC0-301F-11D3-BF4B-00C04F79EFBC}") = "EVS341.ConsoleApp4", "EVS341.ConsoleApp4\EVS341.ConsoleApp4.csproj", "{9B29CC8A-8B29-42E8-9C5E-92BC47DBCC37}"
EndProject
Project("{FAE04EC0-301F-11D3-BF4B-00C04F79EFBC}") = "EVS341", "EVS341\EVS341.csproj", "{76322502-222B-4133-B743-1C254BFC145D}"
EndProject
Global
	GlobalSection(SolutionConfigurationPlatforms) = preSolution
		Debug|Any CPU = Debug|Any CPU
		Release|Any CPU = Release|Any CPU
	EndGlobalSection
	GlobalSection(ProjectConfigurationPlatforms) = postSolution
		{9B29CC8A-8B29-42E8-9C5E-92BC47DBCC37}.Debug|Any CPU.ActiveCfg = Debug|Any CPU
		{9B29CC8A-8B29-42E8-9C5E-92BC47DBCC37}.Debug|Any CPU.Build.0 = Debug|Any CPU
		{9B29CC8A-8B29-42E8-9C5E-92BC47DBCC37}.Release|Any CPU.ActiveCfg = Release|Any CPU
		{9B29CC8A-8B29-42E8-9C5E-92BC47DBCC37}.Release|Any CPU.Build.0 = Release|Any CPU
		{76322502-222B-4133-B743-1C254BFC145D}.Debug|Any CPU.ActiveCfg = Debug|Any CPU
		{76322502-222B-4133-B743-1C254BFC145D}.Debug|Any CPU.Build.0 = Debug|Any CPU
		{76322502-222B-4133-B743-1C254BFC145D}.Release|Any CPU.ActiveCfg = Release|Any CPU
		{76322502-222B-4133-B743-1C254BFC145D}.Release|Any CPU.Build.0 = Release|Any CPU
	EndGlobalSection
	GlobalSection(SolutionProperties) = preSolution
		HideSolutionNode = FALSE
	EndGlobalSection
	GlobalSection(ExtensibilityGlobals) = postSolution
		SolutionGuid = {3A542597-DCFD-49E6-B40C-BE0EEB4C9F0B}
	EndGlobalSection
EndGlobal
